// !$*UTF8*$!
{
	archiveVersion = 1;
	classes = {};
	objectVersion = 56;
	objects = {

/* Begin PBXBuildFile section */
		A10000000000000000000001 /* RightClickApp.swift in Sources */ = {isa = PBXBuildFile; fileRef = A20000000000000000000001; };
		A10000000000000000000002 /* AppDelegate.swift in Sources */ = {isa = PBXBuildFile; fileRef = A20000000000000000000002; };
		A10000000000000000000003 /* AppModel.swift in Sources */ = {isa = PBXBuildFile; fileRef = A20000000000000000000003; };
		A10000000000000000000004 /* ContentView.swift in Sources */ = {isa = PBXBuildFile; fileRef = A20000000000000000000004; };
		A10000000000000000000005 /* FileType.swift in Sources */ = {isa = PBXBuildFile; fileRef = A20000000000000000000005; };
		A10000000000000000000006 /* FileCreationRequest.swift in Sources */ = {isa = PBXBuildFile; fileRef = A20000000000000000000006; };
		A10000000000000000000007 /* FileCreator.swift in Sources */ = {isa = PBXBuildFile; fileRef = A20000000000000000000007; };
		A10000000000000000000008 /* FinderSync.swift in Sources */ = {isa = PBXBuildFile; fileRef = A20000000000000000000008; };
		A10000000000000000000009 /* FileType.swift in Extension Sources */ = {isa = PBXBuildFile; fileRef = A20000000000000000000005; };
		A1000000000000000000000A /* FileCreationRequest.swift in Extension Sources */ = {isa = PBXBuildFile; fileRef = A20000000000000000000006; };
		A1000000000000000000000B /* FinderDestination.swift in Extension Sources */ = {isa = PBXBuildFile; fileRef = A20000000000000000000009; };
		A1000000000000000000000C /* RightClickFinder.appex in Embed App Extensions */ = {isa = PBXBuildFile; fileRef = A2000000000000000000000B; settings = {ATTRIBUTES = (RemoveHeadersOnCopy, ); }; };
		A1000000000000000000000D /* AppIcon.icns in Resources */ = {isa = PBXBuildFile; fileRef = A2000000000000000000000F; };
		A1000000000000000000000E /* EditorApp.swift in Sources */ = {isa = PBXBuildFile; fileRef = A20000000000000000000014; };
		A1000000000000000000000F /* EditorApp.swift in Extension Sources */ = {isa = PBXBuildFile; fileRef = A20000000000000000000014; };
		A10000000000000000000010 /* OpenInEditorRequest.swift in Sources */ = {isa = PBXBuildFile; fileRef = A20000000000000000000015; };
		A10000000000000000000011 /* OpenInEditorRequest.swift in Extension Sources */ = {isa = PBXBuildFile; fileRef = A20000000000000000000015; };
		A10000000000000000000012 /* EditorLauncher.swift in Sources */ = {isa = PBXBuildFile; fileRef = A20000000000000000000016; };
		A10000000000000000000013 /* FinderMenuActionStore.swift in Extension Sources */ = {isa = PBXBuildFile; fileRef = A20000000000000000000018; };
/* End PBXBuildFile section */

/* Begin PBXContainerItemProxy section */
		A30000000000000000000001 = {
			isa = PBXContainerItemProxy;
			containerPortal = A80000000000000000000001;
			proxyType = 1;
			remoteGlobalIDString = A70000000000000000000002;
			remoteInfo = RightClickFinder;
		};
/* End PBXContainerItemProxy section */

/* Begin PBXCopyFilesBuildPhase section */
		A40000000000000000000007 /* Embed App Extensions */ = {
			isa = PBXCopyFilesBuildPhase;
			buildActionMask = 2147483647;
			dstPath = "";
			dstSubfolderSpec = 13;
			files = (A1000000000000000000000C, );
			name = "Embed App Extensions";
			runOnlyForDeploymentPostprocessing = 0;
		};
/* End PBXCopyFilesBuildPhase section */

/* Begin PBXFileReference section */
		A20000000000000000000001 = {isa = PBXFileReference; lastKnownFileType = sourcecode.swift; path = RightClickApp.swift; sourceTree = "<group>"; };
		A20000000000000000000002 = {isa = PBXFileReference; lastKnownFileType = sourcecode.swift; path = AppDelegate.swift; sourceTree = "<group>"; };
		A20000000000000000000003 = {isa = PBXFileReference; lastKnownFileType = sourcecode.swift; path = AppModel.swift; sourceTree = "<group>"; };
		A20000000000000000000004 = {isa = PBXFileReference; lastKnownFileType = sourcecode.swift; path = ContentView.swift; sourceTree = "<group>"; };
		A20000000000000000000005 = {isa = PBXFileReference; lastKnownFileType = sourcecode.swift; path = FileType.swift; sourceTree = "<group>"; };
		A20000000000000000000006 = {isa = PBXFileReference; lastKnownFileType = sourcecode.swift; path = FileCreationRequest.swift; sourceTree = "<group>"; };
		A20000000000000000000007 = {isa = PBXFileReference; lastKnownFileType = sourcecode.swift; path = FileCreator.swift; sourceTree = "<group>"; };
		A20000000000000000000008 = {isa = PBXFileReference; lastKnownFileType = sourcecode.swift; path = FinderSync.swift; sourceTree = "<group>"; };
		A20000000000000000000009 = {isa = PBXFileReference; lastKnownFileType = sourcecode.swift; path = FinderDestination.swift; sourceTree = "<group>"; };
		A2000000000000000000000A = {isa = PBXFileReference; explicitFileType = wrapper.application; includeInIndex = 0; path = RightClick.app; sourceTree = BUILT_PRODUCTS_DIR; };
		A2000000000000000000000B = {isa = PBXFileReference; explicitFileType = "wrapper.app-extension"; includeInIndex = 0; path = RightClickFinder.appex; sourceTree = BUILT_PRODUCTS_DIR; };
		A2000000000000000000000C = {isa = PBXFileReference; lastKnownFileType = text.plist.xml; path = Info.plist; sourceTree = "<group>"; };
		A2000000000000000000000D = {isa = PBXFileReference; lastKnownFileType = text.plist.xml; path = Info.plist; sourceTree = "<group>"; };
		A2000000000000000000000E = {isa = PBXFileReference; lastKnownFileType = text.plist.entitlements; path = RightClickFinder.entitlements; sourceTree = "<group>"; };
		A2000000000000000000000F = {isa = PBXFileReference; lastKnownFileType = image.icns; path = Resources/AppIcon.icns; sourceTree = "<group>"; };
		A20000000000000000000010 = {isa = PBXFileReference; lastKnownFileType = net.daringfireball.markdown; path = README.md; sourceTree = "<group>"; };
		A20000000000000000000011 = {isa = PBXFileReference; lastKnownFileType = sourcecode.swift; path = Package.swift; sourceTree = "<group>"; };
		A20000000000000000000012 = {isa = PBXFileReference; lastKnownFileType = folder; path = Tests; sourceTree = "<group>"; };
		A20000000000000000000013 = {isa = PBXFileReference; lastKnownFileType = folder; path = Scripts; sourceTree = "<group>"; };
		A20000000000000000000014 = {isa = PBXFileReference; lastKnownFileType = sourcecode.swift; path = EditorApp.swift; sourceTree = "<group>"; };
		A20000000000000000000015 = {isa = PBXFileReference; lastKnownFileType = sourcecode.swift; path = OpenInEditorRequest.swift; sourceTree = "<group>"; };
		A20000000000000000000016 = {isa = PBXFileReference; lastKnownFileType = sourcecode.swift; path = EditorLauncher.swift; sourceTree = "<group>"; };
		A20000000000000000000017 = {isa = PBXFileReference; lastKnownFileType = text.xcconfig; path = Configuration/Signing.xcconfig; sourceTree = "<group>"; };
		A20000000000000000000018 = {isa = PBXFileReference; lastKnownFileType = sourcecode.swift; path = FinderMenuActionStore.swift; sourceTree = "<group>"; };
/* End PBXFileReference section */

/* Begin PBXFrameworksBuildPhase section */
		A40000000000000000000002 = {isa = PBXFrameworksBuildPhase; buildActionMask = 2147483647; files = (); runOnlyForDeploymentPostprocessing = 0; };
		A40000000000000000000005 = {isa = PBXFrameworksBuildPhase; buildActionMask = 2147483647; files = (); runOnlyForDeploymentPostprocessing = 0; };
/* End PBXFrameworksBuildPhase section */

/* Begin PBXGroup section */
		A50000000000000000000001 = {
			isa = PBXGroup;
			children = (A50000000000000000000002, A50000000000000000000003, A50000000000000000000004, A20000000000000000000012, A20000000000000000000013, A20000000000000000000010, A20000000000000000000011, A20000000000000000000017, A50000000000000000000005, );
			sourceTree = "<group>";
		};
		A50000000000000000000002 = {
			isa = PBXGroup;
			children = (A20000000000000000000001, A20000000000000000000002, A20000000000000000000003, A20000000000000000000004, A20000000000000000000016, A2000000000000000000000C, A2000000000000000000000F, );
			path = RightClick;
			sourceTree = "<group>";
		};
		A50000000000000000000003 = {
			isa = PBXGroup;
			children = (A20000000000000000000008, A2000000000000000000000D, A2000000000000000000000E, );
			path = RightClickFinder;
			sourceTree = "<group>";
		};
		A50000000000000000000004 = {
			isa = PBXGroup;
			children = (A20000000000000000000005, A20000000000000000000006, A20000000000000000000007, A20000000000000000000009, A20000000000000000000014, A20000000000000000000015, A20000000000000000000018, );
			path = Shared;
			sourceTree = "<group>";
		};
		A50000000000000000000005 = {
			isa = PBXGroup;
			children = (A2000000000000000000000A, A2000000000000000000000B, );
			name = Products;
			sourceTree = "<group>";
		};
/* End PBXGroup section */

/* Begin PBXNativeTarget section */
		A70000000000000000000001 /* RightClick */ = {
			isa = PBXNativeTarget;
			buildConfigurationList = A90000000000000000000002;
			buildPhases = (A40000000000000000000001, A40000000000000000000002, A40000000000000000000003, A40000000000000000000007, );
			buildRules = ();
			dependencies = (A60000000000000000000001, );
			name = RightClick;
			productName = RightClick;
			productReference = A2000000000000000000000A;
			productType = "com.apple.product-type.application";
		};
		A70000000000000000000002 /* RightClickFinder */ = {
			isa = PBXNativeTarget;
			buildConfigurationList = A90000000000000000000003;
			buildPhases = (A40000000000000000000004, A40000000000000000000005, A40000000000000000000006, );
			buildRules = ();
			dependencies = ();
			name = RightClickFinder;
			productName = RightClickFinder;
			productReference = A2000000000000000000000B;
			productType = "com.apple.product-type.app-extension";
		};
/* End PBXNativeTarget section */

/* Begin PBXProject section */
		A80000000000000000000001 /* Project object */ = {
			isa = PBXProject;
			attributes = {
				BuildIndependentTargetsInParallel = YES;
				LastUpgradeCheck = 1600;
				TargetAttributes = {
					A70000000000000000000001 = {CreatedOnToolsVersion = 16.0; };
					A70000000000000000000002 = {CreatedOnToolsVersion = 16.0; };
				};
			};
			buildConfigurationList = A90000000000000000000001;
			compatibilityVersion = "Xcode 14.0";
			developmentRegion = zh_CN;
			hasScannedForEncodings = 0;
			knownRegions = (zh_CN, en, Base, );
			mainGroup = A50000000000000000000001;
			productRefGroup = A50000000000000000000005;
			projectDirPath = "";
			projectRoot = "";
			targets = (A70000000000000000000001, A70000000000000000000002, );
		};
/* End PBXProject section */

/* Begin PBXResourcesBuildPhase section */
		A40000000000000000000003 = {isa = PBXResourcesBuildPhase; buildActionMask = 2147483647; files = (A1000000000000000000000D, ); runOnlyForDeploymentPostprocessing = 0; };
		A40000000000000000000006 = {isa = PBXResourcesBuildPhase; buildActionMask = 2147483647; files = (); runOnlyForDeploymentPostprocessing = 0; };
/* End PBXResourcesBuildPhase section */

/* Begin PBXSourcesBuildPhase section */
		A40000000000000000000001 = {
			isa = PBXSourcesBuildPhase;
			buildActionMask = 2147483647;
			files = (A10000000000000000000001, A10000000000000000000002, A10000000000000000000003, A10000000000000000000004, A10000000000000000000005, A10000000000000000000006, A10000000000000000000007, A1000000000000000000000E, A10000000000000000000010, A10000000000000000000012, );
			runOnlyForDeploymentPostprocessing = 0;
		};
		A40000000000000000000004 = {
			isa = PBXSourcesBuildPhase;
			buildActionMask = 2147483647;
			files = (A10000000000000000000008, A10000000000000000000009, A1000000000000000000000A, A1000000000000000000000B, A1000000000000000000000F, A10000000000000000000011, A10000000000000000000013, );
			runOnlyForDeploymentPostprocessing = 0;
		};
/* End PBXSourcesBuildPhase section */

/* Begin PBXTargetDependency section */
		A60000000000000000000001 = {isa = PBXTargetDependency; target = A70000000000000000000002; targetProxy = A30000000000000000000001; };
/* End PBXTargetDependency section */

/* Begin XCBuildConfiguration section */
		AA0000000000000000000001 /* Debug */ = {
			isa = XCBuildConfiguration;
			buildSettings = {
				CLANG_ENABLE_MODULES = YES;
				CLANG_ENABLE_OBJC_ARC = YES;
				COPY_PHASE_STRIP = NO;
				DEBUG_INFORMATION_FORMAT = dwarf;
				ENABLE_TESTABILITY = YES;
				GCC_C_LANGUAGE_STANDARD = gnu17;
				GCC_OPTIMIZATION_LEVEL = 0;
				GCC_PREPROCESSOR_DEFINITIONS = ("DEBUG=1", "$(inherited)", );
				MACOSX_DEPLOYMENT_TARGET = 13.0;
				ONLY_ACTIVE_ARCH = YES;
				SDKROOT = macosx;
				SWIFT_ACTIVE_COMPILATION_CONDITIONS = DEBUG;
				SWIFT_OPTIMIZATION_LEVEL = "-Onone";
				SWIFT_VERSION = 5.0;
			};
			name = Debug;
		};
		AA0000000000000000000002 /* Release */ = {
			isa = XCBuildConfiguration;
			buildSettings = {
				CLANG_ENABLE_MODULES = YES;
				CLANG_ENABLE_OBJC_ARC = YES;
				COPY_PHASE_STRIP = NO;
				DEBUG_INFORMATION_FORMAT = "dwarf-with-dsym";
				GCC_C_LANGUAGE_STANDARD = gnu17;
				MACOSX_DEPLOYMENT_TARGET = 13.0;
				SDKROOT = macosx;
				SWIFT_COMPILATION_MODE = wholemodule;
				SWIFT_OPTIMIZATION_LEVEL = "-O";
				SWIFT_VERSION = 5.0;
			};
			name = Release;
		};
		AA0000000000000000000003 /* Debug */ = {
			isa = XCBuildConfiguration;
			baseConfigurationReference = A20000000000000000000017;
			buildSettings = {
				CURRENT_PROJECT_VERSION = 1;
				ENABLE_APP_SANDBOX = NO;
				ENABLE_HARDENED_RUNTIME = YES;
				GENERATE_INFOPLIST_FILE = NO;
				INFOPLIST_FILE = RightClick/Info.plist;
				LD_RUNPATH_SEARCH_PATHS = ("$(inherited)", "@executable_path/../Frameworks", );
				MARKETING_VERSION = 1.0.0;
				PRODUCT_BUNDLE_IDENTIFIER = com.rightclick.app;
				PRODUCT_NAME = "$(TARGET_NAME)";
			};
			name = Debug;
		};
		AA0000000000000000000004 /* Release */ = {
			isa = XCBuildConfiguration;
			baseConfigurationReference = A20000000000000000000017;
			buildSettings = {
				CURRENT_PROJECT_VERSION = 1;
				ENABLE_APP_SANDBOX = NO;
				ENABLE_HARDENED_RUNTIME = YES;
				GENERATE_INFOPLIST_FILE = NO;
				INFOPLIST_FILE = RightClick/Info.plist;
				LD_RUNPATH_SEARCH_PATHS = ("$(inherited)", "@executable_path/../Frameworks", );
				MARKETING_VERSION = 1.0.0;
				PRODUCT_BUNDLE_IDENTIFIER = com.rightclick.app;
				PRODUCT_NAME = "$(TARGET_NAME)";
			};
			name = Release;
		};
		AA0000000000000000000005 /* Debug */ = {
			isa = XCBuildConfiguration;
			baseConfigurationReference = A20000000000000000000017;
			buildSettings = {
				APPLICATION_EXTENSION_API_ONLY = YES;
				CODE_SIGN_ENTITLEMENTS = RightClickFinder/RightClickFinder.entitlements;
				CURRENT_PROJECT_VERSION = 1;
				ENABLE_APP_SANDBOX = YES;
				ENABLE_HARDENED_RUNTIME = YES;
				GENERATE_INFOPLIST_FILE = NO;
				INFOPLIST_FILE = RightClickFinder/Info.plist;
				LD_RUNPATH_SEARCH_PATHS = ("$(inherited)", "@executable_path/../Frameworks", "@executable_path/../../../../Frameworks", );
				MARKETING_VERSION = 1.0.0;
				PRODUCT_BUNDLE_IDENTIFIER = com.rightclick.app.finder;
				PRODUCT_NAME = "$(TARGET_NAME)";
				SKIP_INSTALL = YES;
			};
			name = Debug;
		};
		AA0000000000000000000006 /* Release */ = {
			isa = XCBuildConfiguration;
			baseConfigurationReference = A20000000000000000000017;
			buildSettings = {
				APPLICATION_EXTENSION_API_ONLY = YES;
				CODE_SIGN_ENTITLEMENTS = RightClickFinder/RightClickFinder.entitlements;
				CURRENT_PROJECT_VERSION = 1;
				ENABLE_APP_SANDBOX = YES;
				ENABLE_HARDENED_RUNTIME = YES;
				GENERATE_INFOPLIST_FILE = NO;
				INFOPLIST_FILE = RightClickFinder/Info.plist;
				LD_RUNPATH_SEARCH_PATHS = ("$(inherited)", "@executable_path/../Frameworks", "@executable_path/../../../../Frameworks", );
				MARKETING_VERSION = 1.0.0;
				PRODUCT_BUNDLE_IDENTIFIER = com.rightclick.app.finder;
				PRODUCT_NAME = "$(TARGET_NAME)";
				SKIP_INSTALL = YES;
			};
			name = Release;
		};
/* End XCBuildConfiguration section */

/* Begin XCConfigurationList section */
		A90000000000000000000001 = {isa = XCConfigurationList; buildConfigurations = (AA0000000000000000000001, AA0000000000000000000002, ); defaultConfigurationIsVisible = 0; defaultConfigurationName = Release; };
		A90000000000000000000002 = {isa = XCConfigurationList; buildConfigurations = (AA0000000000000000000003, AA0000000000000000000004, ); defaultConfigurationIsVisible = 0; defaultConfigurationName = Release; };
		A90000000000000000000003 = {isa = XCConfigurationList; buildConfigurations = (AA0000000000000000000005, AA0000000000000000000006, ); defaultConfigurationIsVisible = 0; defaultConfigurationName = Release; };
/* End XCConfigurationList section */
	};
	rootObject = A80000000000000000000001;
}
